// !$*UTF8*$!
{
	archiveVersion = 1;
	classes = {
	};
	objectVersion = 77;
	objects = {

/* Begin PBXBuildFile section */
		43784ECB2D456B2700FFE0D7 /* .gitignore in Resources */ = {isa = PBXBuildFile; fileRef = 43784ECA2D456B2700FFE0D7 /* .gitignore */; };
/* End PBXBuildFile section */

/* Begin PBXContainerItemProxy section */
		43784EA92D45592500FFE0D7 /* PBXContainerItemProxy */ = {
			isa = PBXContainerItemProxy;
			containerPortal = 43784E902D45592400FFE0D7 /* Project object */;
			proxyType = 1;
			remoteGlobalIDString = 43784E972D45592400FFE0D7;
			remoteInfo = FuelCalc;
		};
		43784EB32D45592500FFE0D7 /* PBXContainerItemProxy */ = {
			isa = PBXContainerItemProxy;
			containerPortal = 43784E902D45592400FFE0D7 /* Project object */;
			proxyType = 1;
			remoteGlobalIDString = 43784E972D45592400FFE0D7;
			remoteInfo = FuelCalc;
		};
/* End PBXContainerItemProxy section */

/* Begin PBXFileReference section */
		43784E982D45592400FFE0D7 /* FuelCalc.app */ = {isa = PBXFileReference; explicitFileType = wrapper.application; includeInIndex = 0; path = FuelCalc.app; sourceTree = BUILT_PRODUCTS_DIR; };
		43784EA82D45592500FFE0D7 /* FuelCalcTests.xctest */ = {isa = PBXFileReference; explicitFileType = wrapper.cfbundle; includeInIndex = 0; path = FuelCalcTests.xctest; sourceTree = BUILT_PRODUCTS_DIR; };
		43784EB22D45592500FFE0D7 /* FuelCalcUITests.xctest */ = {isa = PBXFileReference; explicitFileType = wrapper.cfbundle; includeInIndex = 0; path = FuelCalcUITests.xctest; sourceTree = BUILT_PRODUCTS_DIR; };
		43784ECA2D456B2700FFE0D7 /* .gitignore */ = {isa = PBXFileReference; lastKnownFileType = text; path = .gitignore; sourceTree = "<group>"; };
/* End PBXFileReference section */

/* Begin PBXFileSystemSynchronizedRootGroup section */
		43784E9A2D45592400FFE0D7 /* FuelCalc */ = {
			isa = PBXFileSystemSynchronizedRootGroup;
			path = FuelCalc;
			sourceTree = "<group>";
		};
		43784EAB2D45592500FFE0D7 /* FuelCalcTests */ = {
			isa = PBXFileSystemSynchronizedRootGroup;
			path = FuelCalcTests;
			sourceTree = "<group>";
		};
		43784EB52D45592500FFE0D7 /* FuelCalcUITests */ = {
			isa = PBXFileSystemSynchronizedRootGroup;
			path = FuelCalcUITests;
			sourceTree = "<group>";
		};
/* End PBXFileSystemSynchronizedRootGroup section */

/* Begin PBXFrameworksBuildPhase section */
		43784E952D45592400FFE0D7 /* Frameworks */ = {
			isa = PBXFrameworksBuildPhase;
			buildActionMask = 2147483647;
			files = (
			);
			runOnlyForDeploymentPostprocessing = 0;
		};
		43784EA52D45592500FFE0D7 /* Frameworks */ = {
			isa = PBXFrameworksBuildPhase;
			buildActionMask = 2147483647;
			files = (
			);
			runOnlyForDeploymentPostprocessing = 0;
		};
		43784EAF2D45592500FFE0D7 /* Frameworks */ = {
			isa = PBXFrameworksBuildPhase;
			buildActionMask = 2147483647;
			files = (
			);
			runOnlyForDeploymentPostprocessing = 0;
		};
/* End PBXFrameworksBuildPhase section */

/* Begin PBXGroup section */
		43784E8F2D45592400FFE0D7 = {
			isa = PBXGroup;
			children = (
				43784ECA2D456B2700FFE0D7 /* .gitignore */,
				43784E9A2D45592400FFE0D7 /* FuelCalc */,
				43784EAB2D45592500FFE0D7 /* FuelCalcTests */,
				43784EB52D45592500FFE0D7 /* FuelCalcUITests */,
				43784E992D45592400FFE0D7 /* Products */,
			);
			sourceTree = "<group>";
		};
		43784E992D45592400FFE0D7 /* Products */ = {
			isa = PBXGroup;
			children = (
				43784E982D45592400FFE0D7 /* FuelCalc.app */,
				43784EA82D45592500FFE0D7 /* FuelCalcTests.xctest */,
				43784EB22D45592500FFE0D7 /* FuelCalcUITests.xctest */,
			);
			name = Products;
			sourceTree = "<group>";
		};
/* End PBXGroup section */

/* Begin PBXNativeTarget section */
		43784E972D45592400FFE0D7 /* FuelCalc */ = {
			isa = PBXNativeTarget;
			buildConfigurationList = 43784EBC2D45592500FFE0D7 /* Build configuration list for PBXNativeTarget "FuelCalc" */;
			buildPhases = (
				43784E942D45592400FFE0D7 /* Sources */,
				43784E952D45592400FFE0D7 /* Frameworks */,
				43784E962D45592400FFE0D7 /* Resources */,
			);
			buildRules = (
			);
			dependencies = (
			);
			fileSystemSynchronizedGroups = (
				43784E9A2D45592400FFE0D7 /* FuelCalc */,
			);
			name = FuelCalc;
			packageProductDependencies = (
			);
			productName = FuelCalc;
			productReference = 43784E982D45592400FFE0D7 /* FuelCalc.app */;
			productType = "com.apple.product-type.application";
		};
		43784EA72D45592500FFE0D7 /* FuelCalcTests */ = {
			isa = PBXNativeTarget;
			buildConfigurationList = 43784EBF2D45592500FFE0D7 /* Build configuration list for PBXNativeTarget "FuelCalcTests" */;
			buildPhases = (
				43784EA42D45592500FFE0D7 /* Sources */,
				43784EA52D45592500FFE0D7 /* Frameworks */,
				43784EA62D45592500FFE0D7 /* Resources */,
			);
			buildRules = (
			);
			dependencies = (
				43784EAA2D45592500FFE0D7 /* PBXTargetDependency */,
			);
			fileSystemSynchronizedGroups = (
				43784EAB2D45592500FFE0D7 /* FuelCalcTests */,
			);
			name = FuelCalcTests;
			packageProductDependencies = (
			);
			productName = FuelCalcTests;
			productReference = 43784EA82D45592500FFE0D7 /* FuelCalcTests.xctest */;
			productType = "com.apple.product-type.bundle.unit-test";
		};
		43784EB12D45592500FFE0D7 /* FuelCalcUITests */ = {
			isa = PBXNativeTarget;
			buildConfigurationList = 43784EC22D45592500FFE0D7 /* Build configuration list for PBXNativeTarget "FuelCalcUITests" */;
			buildPhases = (
				43784EAE2D45592500FFE0D7 /* Sources */,
				43784EAF2D45592500FFE0D7 /* Frameworks */,
				43784EB02D45592500FFE0D7 /* Resources */,
			);
			buildRules = (
			);
			dependencies = (
				43784EB42D45592500FFE0D7 /* PBXTargetDependency */,
			);
			fileSystemSynchronizedGroups = (
				43784EB52D45592500FFE0D7 /* FuelCalcUITests */,
			);
			name = FuelCalcUITests;
			packageProductDependencies = (
			);
			productName = FuelCalcUITests;
			productReference = 43784EB22D45592500FFE0D7 /* FuelCalcUITests.xctest */;
			productType = "com.apple.product-type.bundle.ui-testing";
		};
/* End PBXNativeTarget section */

/* Begin PBXProject section */
		43784E902D45592400FFE0D7 /* Project object */ = {
			isa = PBXProject;
			attributes = {
				BuildIndependentTargetsInParallel = 1;
				LastSwiftUpdateCheck = 1610;
				LastUpgradeCheck = 1610;
				TargetAttributes = {
					43784E972D45592400FFE0D7 = {
						CreatedOnToolsVersion = 16.1;
					};
					43784EA72D45592500FFE0D7 = {
						CreatedOnToolsVersion = 16.1;
						TestTargetID = 43784E972D45592400FFE0D7;
					};
					43784EB12D45592500FFE0D7 = {
						CreatedOnToolsVersion = 16.1;
						TestTargetID = 43784E972D45592400FFE0D7;
					};
				};
			};
			buildConfigurationList = 43784E932D45592400FFE0D7 /* Build configuration list for PBXProject "FuelCalc" */;
			developmentRegion = en;
			hasScannedForEncodings = 0;
			knownRegions = (
				en,
				Base,
			);
			mainGroup = 43784E8F2D45592400FFE0D7;
			minimizedProjectReferenceProxies = 1;
			preferredProjectObjectVersion = 77;
			productRefGroup = 43784E992D45592400FFE0D7 /* Products */;
			projectDirPath = "";
			projectRoot = "";
			targets = (
				43784E972D45592400FFE0D7 /* FuelCalc */,
				43784EA72D45592500FFE0D7 /* FuelCalcTests */,
				43784EB12D45592500FFE0D7 /* FuelCalcUITests */,
			);
		};
/* End PBXProject section */

/* Begin PBXResourcesBuildPhase section */
		43784E962D45592400FFE0D7 /* Resources */ = {
			isa = PBXResourcesBuildPhase;
			buildActionMask = 2147483647;
			files = (
				43784ECB2D456B2700FFE0D7 /* .gitignore in Resources */,
			);
			runOnlyForDeploymentPostprocessing = 0;
		};
		43784EA62D45592500FFE0D7 /* Resources */ = {
			isa = PBXResourcesBuildPhase;
			buildActionMask = 2147483647;
			files = (
			);
			runOnlyForDeploymentPostprocessing = 0;
		};
		43784EB02D45592500FFE0D7 /* Resources */ = {
			isa = PBXResourcesBuildPhase;
			buildActionMask = 2147483647;
			files = (
			);
			runOnlyForDeploymentPostprocessing = 0;
		};
/* End PBXResourcesBuildPhase section */

/* Begin PBXSourcesBuildPhase section */
		43784E942D45592400FFE0D7 /* Sources */ = {
			isa = PBXSourcesBuildPhase;
			buildActionMask = 2147483647;
			files = (
			);
			runOnlyForDeploymentPostprocessing = 0;
		};
		43784EA42D45592500FFE0D7 /* Sources */ = {
			isa = PBXSourcesBuildPhase;
			buildActionMask = 2147483647;
			files = (
			);
			runOnlyForDeploymentPostprocessing = 0;
		};
		43784EAE2D45592500FFE0D7 /* Sources */ = {
			isa = PBXSourcesBuildPhase;
			buildActionMask = 2147483647;
			files = (
			);
			runOnlyForDeploymentPostprocessing = 0;
		};
/* End PBXSourcesBuildPhase section */

/* Begin PBXTargetDependency section */
		43784EAA2D45592500FFE0D7 /* PBXTargetDependency */ = {
			isa = PBXTargetDependency;
			target = 43784E972D45592400FFE0D7 /* FuelCalc */;
			targetProxy = 43784EA92D45592500FFE0D7 /* PBXContainerItemProxy */;
		};
		43784EB42D45592500FFE0D7 /* PBXTargetDependency */ = {
			isa = PBXTargetDependency;
			target = 43784E972D45592400FFE0D7 /* FuelCalc */;
			targetProxy = 43784EB32D45592500FFE0D7 /* PBXContainerItemProxy */;
		};
/* End PBXTargetDependency section */

/* Begin XCBuildConfiguration section */
		43784EBA2D45592500FFE0D7 /* Debug */ = {
			isa = XCBuildConfiguration;
			buildSettings = {
				ALWAYS_SEARCH_USER_PATHS = NO;
				ASSETCATALOG_COMPILER_GENERATE_SWIFT_ASSET_SYMBOL_EXTENSIONS = YES;
				CLANG_ANALYZER_NONNULL = YES;
				CLANG_ANALYZER_NUMBER_OBJECT_CONVERSION = YES_AGGRESSIVE;
				CLANG_CXX_LANGUAGE_STANDARD = "gnu++20";
				CLANG_ENABLE_MODULES = YES;
				CLANG_ENABLE_OBJC_ARC = YES;
				CLANG_ENABLE_OBJC_WEAK = YES;
				CLANG_WARN_BLOCK_CAPTURE_AUTORELEASING = YES;
				CLANG_WARN_BOOL_CONVERSION = YES;
				CLANG_WARN_COMMA = YES;
				CLANG_WARN_CONSTANT_CONVERSION = YES;
				CLANG_WARN_DEPRECATED_OBJC_IMPLEMENTATIONS = YES;
				CLANG_WARN_DIRECT_OBJC_ISA_USAGE = YES_ERROR;
				CLANG_WARN_DOCUMENTATION_COMMENTS = YES;
				CLANG_WARN_EMPTY_BODY = YES;
				CLANG_WARN_ENUM_CONVERSION = YES;
				CLANG_WARN_INFINITE_RECURSION = YES;
				CLANG_WARN_INT_CONVERSION = YES;
				CLANG_WARN_NON_LITERAL_NULL_CONVERSION = YES;
				CLANG_WARN_OBJC_IMPLICIT_RETAIN_SELF = YES;
				CLANG_WARN_OBJC_LITERAL_CONVERSION = YES;
				CLANG_WARN_OBJC_ROOT_CLASS = YES_ERROR;
				CLANG_WARN_QUOTED_INCLUDE_IN_FRAMEWORK_HEADER = YES;
				CLANG_WARN_RANGE_LOOP_ANALYSIS = YES;
				CLANG_WARN_STRICT_PROTOTYPES = YES;
				CLANG_WARN_SUSPICIOUS_MOVE = YES;
				CLANG_WARN_UNGUARDED_AVAILABILITY = YES_AGGRESSIVE;
				CLANG_WARN_UNREACHABLE_CODE = YES;
				CLANG_WARN__DUPLICATE_METHOD_MATCH = YES;
				COPY_PHASE_STRIP = NO;
				DEBUG_INFORMATION_FORMAT = dwarf;
				ENABLE_STRICT_OBJC_MSGSEND = YES;
				ENABLE_TESTABILITY = YES;
				ENABLE_USER_SCRIPT_SANDBOXING = YES;
				GCC_C_LANGUAGE_STANDARD = gnu17;
				GCC_DYNAMIC_NO_PIC = NO;
				GCC_NO_COMMON_BLOCKS = YES;
				GCC_OPTIMIZATION_LEVEL = 0;
				GCC_PREPROCESSOR_DEFINITIONS = (
					"DEBUG=1",
					"$(inherited)",
				);
				GCC_WARN_64_TO_32_BIT_CONVERSION = YES;
				GCC_WARN_ABOUT_RETURN_TYPE = YES_ERROR;
				GCC_WARN_UNDECLARED_SELECTOR = YES;
				GCC_WARN_UNINITIALIZED_AUTOS = YES_AGGRESSIVE;
				GCC_WARN_UNUSED_FUNCTION = YES;
				GCC_WARN_UNUSED_VARIABLE = YES;
				IPHONEOS_DEPLOYMENT_TARGET = 18.1;
				LOCALIZATION_PREFERS_STRING_CATALOGS = YES;
				MTL_ENABLE_DEBUG_INFO = INCLUDE_SOURCE;
				MTL_FAST_MATH = YES;
				ONLY_ACTIVE_ARCH = YES;
				SDKROOT = iphoneos;
				SWIFT_ACTIVE_COMPILATION_CONDITIONS = "DEBUG $(inherited)";
				SWIFT_OPTIMIZATION_LEVEL = "-Onone";
			};
			name = Debug;
		};
		43784EBB2D45592500FFE0D7 /* Release */ = {
			isa = XCBuildConfiguration;
			buildSettings = {
				ALWAYS_SEARCH_USER_PATHS = NO;
				ASSETCATALOG_COMPILER_GENERATE_SWIFT_ASSET_SYMBOL_EXTENSIONS = YES;
				CLANG_ANALYZER_NONNULL = YES;
				CLANG_ANALYZER_NUMBER_OBJECT_CONVERSION = YES_AGGRESSIVE;
				CLANG_CXX_LANGUAGE_STANDARD = "gnu++20";
				CLANG_ENABLE_MODULES = YES;
				CLANG_ENABLE_OBJC_ARC = YES;
				CLANG_ENABLE_OBJC_WEAK = YES;
				CLANG_WARN_BLOCK_CAPTURE_AUTORELEASING = YES;
				CLANG_WARN_BOOL_CONVERSION = YES;
				CLANG_WARN_COMMA = YES;
				CLANG_WARN_CONSTANT_CONVERSION = YES;
				CLANG_WARN_DEPRECATED_OBJC_IMPLEMENTATIONS = YES;
				CLANG_WARN_DIRECT_OBJC_ISA_USAGE = YES_ERROR;
				CLANG_WARN_DOCUMENTATION_COMMENTS = YES;
				CLANG_WARN_EMPTY_BODY = YES;
				CLANG_WARN_ENUM_CONVERSION = YES;
				CLANG_WARN_INFINITE_RECURSION = YES;
				CLANG_WARN_INT_CONVERSION = YES;
				CLANG_WARN_NON_LITERAL_NULL_CONVERSION = YES;
				CLANG_WARN_OBJC_IMPLICIT_RETAIN_SELF = YES;
				CLANG_WARN_OBJC_LITERAL_CONVERSION = YES;
				CLANG_WARN_OBJC_ROOT_CLASS = YES_ERROR;
				CLANG_WARN_QUOTED_INCLUDE_IN_FRAMEWORK_HEADER = YES;
				CLANG_WARN_RANGE_LOOP_ANALYSIS = YES;
				CLANG_WARN_STRICT_PROTOTYPES = YES;
				CLANG_WARN_SUSPICIOUS_MOVE = YES;
				CLANG_WARN_UNGUARDED_AVAILABILITY = YES_AGGRESSIVE;
				CLANG_WARN_UNREACHABLE_CODE = YES;
				CLANG_WARN__DUPLICATE_METHOD_MATCH = YES;
				COPY_PHASE_STRIP = NO;
				DEBUG_INFORMATION_FORMAT = "dwarf-with-dsym";
				ENABLE_NS_ASSERTIONS = NO;
				ENABLE_STRICT_OBJC_MSGSEND = YES;
				ENABLE_USER_SCRIPT_SANDBOXING = YES;
				GCC_C_LANGUAGE_STANDARD = gnu17;
				GCC_NO_COMMON_BLOCKS = YES;
				GCC_WARN_64_TO_32_BIT_CONVERSION = YES;
				GCC_WARN_ABOUT_RETURN_TYPE = YES_ERROR;
				GCC_WARN_UNDECLARED_SELECTOR = YES;
				GCC_WARN_UNINITIALIZED_AUTOS = YES_AGGRESSIVE;
				GCC_WARN_UNUSED_FUNCTION = YES;
				GCC_WARN_UNUSED_VARIABLE = YES;
				IPHONEOS_DEPLOYMENT_TARGET = 18.1;
				LOCALIZATION_PREFERS_STRING_CATALOGS = YES;
				MTL_ENABLE_DEBUG_INFO = NO;
				MTL_FAST_MATH = YES;
				SDKROOT = iphoneos;
				SWIFT_COMPILATION_MODE = wholemodule;
				VALIDATE_PRODUCT = YES;
			};
			name = Release;
		};
		43784EBD2D45592500FFE0D7 /* Debug */ = {
			isa = XCBuildConfiguration;
			buildSettings = {
				ASSETCATALOG_COMPILER_APPICON_NAME = AppIcon;
				ASSETCATALOG_COMPILER_GLOBAL_ACCENT_COLOR_NAME = AccentColor;
				CODE_SIGN_STYLE = Automatic;
				CURRENT_PROJECT_VERSION = 1;
				DEVELOPMENT_ASSET_PATHS = "\"FuelCalc/Preview Content\"";
				DEVELOPMENT_TEAM = L8JX4G8L96;
				ENABLE_PREVIEWS = YES;
				GENERATE_INFOPLIST_FILE = YES;
				INFOPLIST_KEY_UIApplicationSceneManifest_Generation = YES;
				INFOPLIST_KEY_UIApplicationSupportsIndirectInputEvents = YES;
				INFOPLIST_KEY_UILaunchScreen_Generation = YES;
				INFOPLIST_KEY_UISupportedInterfaceOrientations_iPad = "UIInterfaceOrientationPortrait UIInterfaceOrientationPortraitUpsideDown UIInterfaceOrientationLandscapeLeft UIInterfaceOrientationLandscapeRight";
				INFOPLIST_KEY_UISupportedInterfaceOrientations_iPhone = "UIInterfaceOrientationPortrait UIInterfaceOrientationLandscapeLeft UIInterfaceOrientationLandscapeRight";
				LD_RUNPATH_SEARCH_PATHS = (
					"$(inherited)",
					"@executable_path/Frameworks",
				);
				MARKETING_VERSION = 1.0;
				PRODUCT_BUNDLE_IDENTIFIER = com.ngbedggood.FuelCalc;
				PRODUCT_NAME = "$(TARGET_NAME)";
				SWIFT_EMIT_LOC_STRINGS = YES;
				SWIFT_VERSION = 5.0;
				TARGETED_DEVICE_FAMILY = "1,2";
			};
			name = Debug;
		};
		43784EBE2D45592500FFE0D7 /* Release */ = {
			isa = XCBuildConfiguration;
			buildSettings = {
				ASSETCATALOG_COMPILER_APPICON_NAME = AppIcon;
				ASSETCATALOG_COMPILER_GLOBAL_ACCENT_COLOR_NAME = AccentColor;
				CODE_SIGN_STYLE = Automatic;
				CURRENT_PROJECT_VERSION = 1;
				DEVELOPMENT_ASSET_PATHS = "\"FuelCalc/Preview Content\"";
				DEVELOPMENT_TEAM = L8JX4G8L96;
				ENABLE_PREVIEWS = YES;
				GENERATE_INFOPLIST_FILE = YES;
				INFOPLIST_KEY_UIApplicationSceneManifest_Generation = YES;
				INFOPLIST_KEY_UIApplicationSupportsIndirectInputEvents = YES;
				INFOPLIST_KEY_UILaunchScreen_Generation = YES;
				INFOPLIST_KEY_UISupportedInterfaceOrientations_iPad = "UIInterfaceOrientationPortrait UIInterfaceOrientationPortraitUpsideDown UIInterfaceOrientationLandscapeLeft UIInterfaceOrientationLandscapeRight";
				INFOPLIST_KEY_UISupportedInterfaceOrientations_iPhone = "UIInterfaceOrientationPortrait UIInterfaceOrientationLandscapeLeft UIInterfaceOrientationLandscapeRight";
				LD_RUNPATH_SEARCH_PATHS = (
					"$(inherited)",
					"@executable_path/Frameworks",
				);
				MARKETING_VERSION = 1.0;
				PRODUCT_BUNDLE_IDENTIFIER = com.ngbedggood.FuelCalc;
				PRODUCT_NAME = "$(TARGET_NAME)";
				SWIFT_EMIT_LOC_STRINGS = YES;
				SWIFT_VERSION = 5.0;
				TARGETED_DEVICE_FAMILY = "1,2";
			};
			name = Release;
		};
		43784EC02D45592500FFE0D7 /* Debug */ = {
			isa = XCBuildConfiguration;
			buildSettings = {
				BUNDLE_LOADER = "$(TEST_HOST)";
				CODE_SIGN_STYLE = Automatic;
				CURRENT_PROJECT_VERSION = 1;
				DEVELOPMENT_TEAM = L8JX4G8L96;
				GENERATE_INFOPLIST_FILE = YES;
				IPHONEOS_DEPLOYMENT_TARGET = 18.1;
				MARKETING_VERSION = 1.0;
				PRODUCT_BUNDLE_IDENTIFIER = com.ngbedggood.FuelCalcTests;
				PRODUCT_NAME = "$(TARGET_NAME)";
				SWIFT_EMIT_LOC_STRINGS = NO;
				SWIFT_VERSION = 5.0;
				TARGETED_DEVICE_FAMILY = "1,2";
				TEST_HOST = "$(BUILT_PRODUCTS_DIR)/FuelCalc.app/$(BUNDLE_EXECUTABLE_FOLDER_PATH)/FuelCalc";
			};
			name = Debug;
		};
		43784EC12D45592500FFE0D7 /* Release */ = {
			isa = XCBuildConfiguration;
			buildSettings = {
				BUNDLE_LOADER = "$(TEST_HOST)";
				CODE_SIGN_STYLE = Automatic;
				CURRENT_PROJECT_VERSION = 1;
				DEVELOPMENT_TEAM = L8JX4G8L96;
				GENERATE_INFOPLIST_FILE = YES;
				IPHONEOS_DEPLOYMENT_TARGET = 18.1;
				MARKETING_VERSION = 1.0;
				PRODUCT_BUNDLE_IDENTIFIER = com.ngbedggood.FuelCalcTests;
				PRODUCT_NAME = "$(TARGET_NAME)";
				SWIFT_EMIT_LOC_STRINGS = NO;
				SWIFT_VERSION = 5.0;
				TARGETED_DEVICE_FAMILY = "1,2";
				TEST_HOST = "$(BUILT_PRODUCTS_DIR)/FuelCalc.app/$(BUNDLE_EXECUTABLE_FOLDER_PATH)/FuelCalc";
			};
			name = Release;
		};
		43784EC32D45592500FFE0D7 /* Debug */ = {
			isa = XCBuildConfiguration;
			buildSettings = {
				CODE_SIGN_STYLE = Automatic;
				CURRENT_PROJECT_VERSION = 1;
				DEVELOPMENT_TEAM = L8JX4G8L96;
				GENERATE_INFOPLIST_FILE = YES;
				MARKETING_VERSION = 1.0;
				PRODUCT_BUNDLE_IDENTIFIER = com.ngbedggood.FuelCalcUITests;
				PRODUCT_NAME = "$(TARGET_NAME)";
				SWIFT_EMIT_LOC_STRINGS = NO;
				SWIFT_VERSION = 5.0;
				TARGETED_DEVICE_FAMILY = "1,2";
				TEST_TARGET_NAME = FuelCalc;
			};
			name = Debug;
		};
		43784EC42D45592500FFE0D7 /* Release */ = {
			isa = XCBuildConfiguration;
			buildSettings = {
				CODE_SIGN_STYLE = Automatic;
				CURRENT_PROJECT_VERSION = 1;
				DEVELOPMENT_TEAM = L8JX4G8L96;
				GENERATE_INFOPLIST_FILE = YES;
				MARKETING_VERSION = 1.0;
				PRODUCT_BUNDLE_IDENTIFIER = com.ngbedggood.FuelCalcUITests;
				PRODUCT_NAME = "$(TARGET_NAME)";
				SWIFT_EMIT_LOC_STRINGS = NO;
				SWIFT_VERSION = 5.0;
				TARGETED_DEVICE_FAMILY = "1,2";
				TEST_TARGET_NAME = FuelCalc;
			};
			name = Release;
		};
/* End XCBuildConfiguration section */

/* Begin XCConfigurationList section */
		43784E932D45592400FFE0D7 /* Build configuration list for PBXProject "FuelCalc" */ = {
			isa = XCConfigurationList;
			buildConfigurations = (
				43784EBA2D45592500FFE0D7 /* Debug */,
				43784EBB2D45592500FFE0D7 /* Release */,
			);
			defaultConfigurationIsVisible = 0;
			defaultConfigurationName = Release;
		};
		43784EBC2D45592500FFE0D7 /* Build configuration list for PBXNativeTarget "FuelCalc" */ = {
			isa = XCConfigurationList;
			buildConfigurations = (
				43784EBD2D45592500FFE0D7 /* Debug */,
				43784EBE2D45592500FFE0D7 /* Release */,
			);
			defaultConfigurationIsVisible = 0;
			defaultConfigurationName = Release;
		};
		43784EBF2D45592500FFE0D7 /* Build configuration list for PBXNativeTarget "FuelCalcTests" */ = {
			isa = XCConfigurationList;
			buildConfigurations = (
				43784EC02D45592500FFE0D7 /* Debug */,
				43784EC12D45592500FFE0D7 /* Release */,
			);
			defaultConfigurationIsVisible = 0;
			defaultConfigurationName = Release;
		};
		43784EC22D45592500FFE0D7 /* Build configuration list for PBXNativeTarget "FuelCalcUITests" */ = {
			isa = XCConfigurationList;
			buildConfigurations = (
				43784EC32D45592500FFE0D7 /* Debug */,
				43784EC42D45592500FFE0D7 /* Release */,
			);
			defaultConfigurationIsVisible = 0;
			defaultConfigurationName = Release;
		};
/* End XCConfigurationList section */
	};
	rootObject = 43784E902D45592400FFE0D7 /* Project object */;
}
